
Microsoft Visual Studio Solution File, Format Version 12.00
# Visual Studio 15
VisualStudioVersion = 15.0.27703.2042
MinimumVisualStudioVersion = 10.0.40219.1
Project("{FAE04EC0-301F-11D3-BF4B-00C04F79EFBC}") = "HotelPanel", "HotelPanel\HotelPanel.csproj", "{B1EFC9BC-0DFE-407F-809C-6E4AF0A024A4}"
EndProject
Project("{FAE04EC0-301F-11D3-BF4B-00C04F79EFBC}") = "Data", "Data\Data.csproj", "{4CFA9A54-6E4C-435C-9BE4-D2A33CA8D532}"
EndProject
Project("{FAE04EC0-301F-11D3-BF4B-00C04F79EFBC}") = "Logic", "Logic\Logic.csproj", "{EBC51139-7CA3-4029-88AD-F54656A400E4}"
EndProject
Project("{FAE04EC0-301F-11D3-BF4B-00C04F79EFBC}") = "Service", "Service\Service.csproj", "{9BBA4ED2-D855-4439-905C-5594BA8E7CFB}"
EndProject
Project("{FAE04EC0-301F-11D3-BF4B-00C04F79EFBC}") = "Common", "Common\Common.csproj", "{A02E0E0B-AADA-4AD8-A8D9-04E01BD041FE}"
EndProject
Project("{FAE04EC0-301F-11D3-BF4B-00C04F79EFBC}") = "BookingDB", "BookingDB\BookingDB.csproj", "{047CE03C-6066-421B-A9DC-C267541E70A7}"
EndProject
Global
	GlobalSection(SolutionConfigurationPlatforms) = preSolution
		Debug|Any CPU = Debug|Any CPU
		Release|Any CPU = Release|Any CPU
	EndGlobalSection
	GlobalSection(ProjectConfigurationPlatforms) = postSolution
		{B1EFC9BC-0DFE-407F-809C-6E4AF0A024A4}.Debug|Any CPU.ActiveCfg = Debug|Any CPU
		{B1EFC9BC-0DFE-407F-809C-6E4AF0A024A4}.Debug|Any CPU.Build.0 = Debug|Any CPU
		{B1EFC9BC-0DFE-407F-809C-6E4AF0A024A4}.Release|Any CPU.ActiveCfg = Release|Any CPU
		{B1EFC9BC-0DFE-407F-809C-6E4AF0A024A4}.Release|Any CPU.Build.0 = Release|Any CPU
		{4CFA9A54-6E4C-435C-9BE4-D2A33CA8D532}.Debug|Any CPU.ActiveCfg = Debug|Any CPU
		{4CFA9A54-6E4C-435C-9BE4-D2A33CA8D532}.Debug|Any CPU.Build.0 = Debug|Any CPU
		{4CFA9A54-6E4C-435C-9BE4-D2A33CA8D532}.Release|Any CPU.ActiveCfg = Release|Any CPU
		{4CFA9A54-6E4C-435C-9BE4-D2A33CA8D532}.Release|Any CPU.Build.0 = Release|Any CPU
		{EBC51139-7CA3-4029-88AD-F54656A400E4}.Debug|Any CPU.ActiveCfg = Debug|Any CPU
		{EBC51139-7CA3-4029-88AD-F54656A400E4}.Debug|Any CPU.Build.0 = Debug|Any CPU
		{EBC51139-7CA3-4029-88AD-F54656A400E4}.Release|Any CPU.ActiveCfg = Release|Any CPU
		{EBC51139-7CA3-4029-88AD-F54656A400E4}.Release|Any CPU.Build.0 = Release|Any CPU
		{9BBA4ED2-D855-4439-905C-5594BA8E7CFB}.Debug|Any CPU.ActiveCfg = Debug|Any CPU
		{9BBA4ED2-D855-4439-905C-5594BA8E7CFB}.Debug|Any CPU.Build.0 = Debug|Any CPU
		{9BBA4ED2-D855-4439-905C-5594BA8E7CFB}.Release|Any CPU.ActiveCfg = Release|Any CPU
		{9BBA4ED2-D855-4439-905C-5594BA8E7CFB}.Release|Any CPU.Build.0 = Release|Any CPU
		{A02E0E0B-AADA-4AD8-A8D9-04E01BD041FE}.Debug|Any CPU.ActiveCfg = Debug|Any CPU
		{A02E0E0B-AADA-4AD8-A8D9-04E01BD041FE}.Debug|Any CPU.Build.0 = Debug|Any CPU
		{A02E0E0B-AADA-4AD8-A8D9-04E01BD041FE}.Release|Any CPU.ActiveCfg = Release|Any CPU
		{A02E0E0B-AADA-4AD8-A8D9-04E01BD041FE}.Release|Any CPU.Build.0 = Release|Any CPU
		{047CE03C-6066-421B-A9DC-C267541E70A7}.Debug|Any CPU.ActiveCfg = Debug|Any CPU
		{047CE03C-6066-421B-A9DC-C267541E70A7}.Debug|Any CPU.Build.0 = Debug|Any CPU
		{047CE03C-6066-421B-A9DC-C267541E70A7}.Release|Any CPU.ActiveCfg = Release|Any CPU
		{047CE03C-6066-421B-A9DC-C267541E70A7}.Release|Any CPU.Build.0 = Release|Any CPU
	EndGlobalSection
	GlobalSection(SolutionProperties) = preSolution
		HideSolutionNode = FALSE
	EndGlobalSection
	GlobalSection(ExtensibilityGlobals) = postSolution
		SolutionGuid = {B5A8A3EB-86EA-4D15-8B1C-E1D711D48DE8}
	EndGlobalSection
EndGlobal
